
Microsoft Visual Studio Solution File, Format Version 12.00
# Visual Studio Version 17
VisualStudioVersion = 17.7.34221.43
MinimumVisualStudioVersion = 10.0.40219.1
Project("{8BC9CEB8-8B4A-11D0-8D11-00A0C91BC942}") = "Miz", "Miz\Miz.vcxproj", "{435D0C55-8361-4269-94F5-28D17514C369}"
EndProject
Global
	GlobalSection(SolutionConfigurationPlatforms) = preSolution
		Debug|x64 = Debug|x64
		Debug|x86 = Debug|x86
		Release|x64 = Release|x64
		Release|x86 = Release|x86
	EndGlobalSection
	GlobalSection(ProjectConfigurationPlatforms) = postSolution
		{435D0C55-8361-4269-94F5-28D17514C369}.Debug|x64.ActiveCfg = Debug|x64
		{435D0C55-8361-4269-94F5-28D17514C369}.Debug|x64.Build.0 = Debug|x64
		{435D0C55-8361-4269-94F5-28D17514C369}.Debug|x86.ActiveCfg = Debug|Win32
		{435D0C55-8361-4269-94F5-28D17514C369}.Debug|x86.Build.0 = Debug|Win32
		{435D0C55-8361-4269-94F5-28D17514C369}.Release|x64.ActiveCfg = Release|x64
		{435D0C55-8361-4269-94F5-28D17514C369}.Release|x64.Build.0 = Release|x64
		{435D0C55-8361-4269-94F5-28D17514C369}.Release|x86.ActiveCfg = Release|Win32
		{435D0C55-8361-4269-94F5-28D17514C369}.Release|x86.Build.0 = Release|Win32
	EndGlobalSection
	GlobalSection(SolutionProperties) = preSolution
		HideSolutionNode = FALSE
	EndGlobalSection
	GlobalSection(ExtensibilityGlobals) = postSolution
		SolutionGuid = {6E040100-9BAE-498B-86E4-D58074E77FF3}
	EndGlobalSection
EndGlobal
